
Microsoft Visual Studio Solution File, Format Version 12.00
Project("{FAE04EC0-301F-11D3-BF4B-00C04F79EFBC}") = "GlitchedEpistle.Client.Windows", "src\GlitchedEpistle.Client.Windows.csproj", "{1B86B526-38CC-4880-B1BE-40A87761A298}"
EndProject
Project("{FAE04EC0-301F-11D3-BF4B-00C04F79EFBC}") = "GlitchedEpistle.Client", "..\GlitchedEpistle.Client\src\GlitchedEpistle.Client.csproj", "{D7233566-6252-471E-822E-462089C117B7}"
EndProject
Global
	GlobalSection(SolutionConfigurationPlatforms) = preSolution
		Debug|Any CPU = Debug|Any CPU
		Release|Any CPU = Release|Any CPU
	EndGlobalSection
	GlobalSection(ProjectConfigurationPlatforms) = postSolution
		{1B86B526-38CC-4880-B1BE-40A87761A298}.Debug|Any CPU.ActiveCfg = Debug|Any CPU
		{1B86B526-38CC-4880-B1BE-40A87761A298}.Debug|Any CPU.Build.0 = Debug|Any CPU
		{1B86B526-38CC-4880-B1BE-40A87761A298}.Release|Any CPU.ActiveCfg = Release|Any CPU
		{1B86B526-38CC-4880-B1BE-40A87761A298}.Release|Any CPU.Build.0 = Release|Any CPU
		{D7233566-6252-471E-822E-462089C117B7}.Debug|Any CPU.ActiveCfg = Debug|Any CPU
		{D7233566-6252-471E-822E-462089C117B7}.Debug|Any CPU.Build.0 = Debug|Any CPU
		{D7233566-6252-471E-822E-462089C117B7}.Release|Any CPU.ActiveCfg = Release|Any CPU
		{D7233566-6252-471E-822E-462089C117B7}.Release|Any CPU.Build.0 = Release|Any CPU
	EndGlobalSection
EndGlobal
